
Microsoft Visual Studio Solution File, Format Version 12.00
# Visual Studio 15
VisualStudioVersion = 15.0.28307.902
MinimumVisualStudioVersion = 10.0.40219.1
Project("{8BC9CEB8-8B4A-11D0-8D11-00A0C91BC942}") = "KMP Algorithm", "KMP Algorithm\KMP Algorithm.vcxproj", "{9532A652-6498-4E4F-8C76-34759E498C18}"
EndProject
Global
	GlobalSection(SolutionConfigurationPlatforms) = preSolution
		Debug|x64 = Debug|x64
		Debug|x86 = Debug|x86
		Release|x64 = Release|x64
		Release|x86 = Release|x86
	EndGlobalSection
	GlobalSection(ProjectConfigurationPlatforms) = postSolution
		{9532A652-6498-4E4F-8C76-34759E498C18}.Debug|x64.ActiveCfg = Debug|x64
		{9532A652-6498-4E4F-8C76-34759E498C18}.Debug|x64.Build.0 = Debug|x64
		{9532A652-6498-4E4F-8C76-34759E498C18}.Debug|x86.ActiveCfg = Debug|Win32
		{9532A652-6498-4E4F-8C76-34759E498C18}.Debug|x86.Build.0 = Debug|Win32
		{9532A652-6498-4E4F-8C76-34759E498C18}.Release|x64.ActiveCfg = Release|x64
		{9532A652-6498-4E4F-8C76-34759E498C18}.Release|x64.Build.0 = Release|x64
		{9532A652-6498-4E4F-8C76-34759E498C18}.Release|x86.ActiveCfg = Release|Win32
		{9532A652-6498-4E4F-8C76-34759E498C18}.Release|x86.Build.0 = Release|Win32
	EndGlobalSection
	GlobalSection(SolutionProperties) = preSolution
		HideSolutionNode = FALSE
	EndGlobalSection
	GlobalSection(ExtensibilityGlobals) = postSolution
		SolutionGuid = {651FDE71-253F-480C-865D-3AAF4D71CB05}
	EndGlobalSection
EndGlobal
